
Microsoft Visual Studio Solution File, Format Version 12.00
# Visual Studio Version 17
VisualStudioVersion = 17.3.32804.467
MinimumVisualStudioVersion = 10.0.40219.1
Project("{FAE04EC0-301F-11D3-BF4B-00C04F79EFBC}") = "InterfaceVariance", "InterfaceVariance\InterfaceVariance.csproj", "{B2C9EBAF-B918-47CC-AE54-05C6EB6D677C}"
EndProject
Global
	GlobalSection(SolutionConfigurationPlatforms) = preSolution
		Debug|Any CPU = Debug|Any CPU
		Release|Any CPU = Release|Any CPU
	EndGlobalSection
	GlobalSection(ProjectConfigurationPlatforms) = postSolution
		{B2C9EBAF-B918-47CC-AE54-05C6EB6D677C}.Debug|Any CPU.ActiveCfg = Debug|Any CPU
		{B2C9EBAF-B918-47CC-AE54-05C6EB6D677C}.Debug|Any CPU.Build.0 = Debug|Any CPU
		{B2C9EBAF-B918-47CC-AE54-05C6EB6D677C}.Release|Any CPU.ActiveCfg = Release|Any CPU
		{B2C9EBAF-B918-47CC-AE54-05C6EB6D677C}.Release|Any CPU.Build.0 = Release|Any CPU
	EndGlobalSection
	GlobalSection(SolutionProperties) = preSolution
		HideSolutionNode = FALSE
	EndGlobalSection
	GlobalSection(ExtensibilityGlobals) = postSolution
		SolutionGuid = {61D9737D-1562-41BE-AAB1-32CCB53E77B4}
	EndGlobalSection
EndGlobal
